// !$*UTF8*$!
{
	archiveVersion = 1;
	classes = {
	};
	objectVersion = 46;
	objects = {

/* Begin PBXBuildFile section */
		854BB63A1CE2078A0073BC96 /* main.m in Sources */ = {isa = PBXBuildFile; fileRef = 854BB6391CE2078A0073BC96 /* main.m */; };
		854BB63D1CE2078A0073BC96 /* AppDelegate.m in Sources */ = {isa = PBXBuildFile; fileRef = 854BB63C1CE2078A0073BC96 /* AppDelegate.m */; };
		854BB6451CE2078A0073BC96 /* Assets.xcassets in Resources */ = {isa = PBXBuildFile; fileRef = 854BB6441CE2078A0073BC96 /* Assets.xcassets */; };
		854BB6481CE2078A0073BC96 /* LaunchScreen.storyboard in Resources */ = {isa = PBXBuildFile; fileRef = 854BB6461CE2078A0073BC96 /* LaunchScreen.storyboard */; };
		854BB6521CE207AF0073BC96 /* myViewController.m in Sources */ = {isa = PBXBuildFile; fileRef = 854BB6501CE207AF0073BC96 /* myViewController.m */; };
		854BB6531CE207AF0073BC96 /* myViewController.xib in Resources */ = {isa = PBXBuildFile; fileRef = 854BB6511CE207AF0073BC96 /* myViewController.xib */; };
/* End PBXBuildFile section */

/* Begin PBXFileReference section */
		854BB6351CE2078A0073BC96 /* 打地鼠.app */ = {isa = PBXFileReference; explicitFileType = wrapper.application; includeInIndex = 0; path = "打地鼠.app"; sourceTree = BUILT_PRODUCTS_DIR; };
		854BB6391CE2078A0073BC96 /* main.m */ = {isa = PBXFileReference; lastKnownFileType = sourcecode.c.objc; path = main.m; sourceTree = "<group>"; };
		854BB63B1CE2078A0073BC96 /* AppDelegate.h */ = {isa = PBXFileReference; lastKnownFileType = sourcecode.c.h; path = AppDelegate.h; sourceTree = "<group>"; };
		854BB63C1CE2078A0073BC96 /* AppDelegate.m */ = {isa = PBXFileReference; lastKnownFileType = sourcecode.c.objc; path = AppDelegate.m; sourceTree = "<group>"; };
		854BB6441CE2078A0073BC96 /* Assets.xcassets */ = {isa = PBXFileReference; lastKnownFileType = folder.assetcatalog; path = Assets.xcassets; sourceTree = "<group>"; };
		854BB6471CE2078A0073BC96 /* Base */ = {isa = PBXFileReference; lastKnownFileType = file.storyboard; name = Base; path = Base.lproj/LaunchScreen.storyboard; sourceTree = "<group>"; };
		854BB6491CE2078A0073BC96 /* Info.plist */ = {isa = PBXFileReference; lastKnownFileType = text.plist.xml; path = Info.plist; sourceTree = "<group>"; };
		854BB64F1CE207AF0073BC96 /* myViewController.h */ = {isa = PBXFileReference; fileEncoding = 4; lastKnownFileType = sourcecode.c.h; path = myViewController.h; sourceTree = "<group>"; };
		854BB6501CE207AF0073BC96 /* myViewController.m */ = {isa = PBXFileReference; fileEncoding = 4; lastKnownFileType = sourcecode.c.objc; path = myViewController.m; sourceTree = "<group>"; };
		854BB6511CE207AF0073BC96 /* myViewController.xib */ = {isa = PBXFileReference; fileEncoding = 4; lastKnownFileType = file.xib; path = myViewController.xib; sourceTree = "<group>"; };
/* End PBXFileReference section */

/* Begin PBXFrameworksBuildPhase section */
		854BB6321CE2078A0073BC96 /* Frameworks */ = {
			isa = PBXFrameworksBuildPhase;
			buildActionMask = 2147483647;
			files = (
			);
			runOnlyForDeploymentPostprocessing = 0;
		};
/* End PBXFrameworksBuildPhase section */

/* Begin PBXGroup section */
		854BB62C1CE2078A0073BC96 = {
			isa = PBXGroup;
			children = (
				854BB6371CE2078A0073BC96 /* 打地鼠 */,
				854BB6361CE2078A0073BC96 /* Products */,
			);
			sourceTree = "<group>";
		};
		854BB6361CE2078A0073BC96 /* Products */ = {
			isa = PBXGroup;
			children = (
				854BB6351CE2078A0073BC96 /* 打地鼠.app */,
			);
			name = Products;
			sourceTree = "<group>";
		};
		854BB6371CE2078A0073BC96 /* 打地鼠 */ = {
			isa = PBXGroup;
			children = (
				854BB63B1CE2078A0073BC96 /* AppDelegate.h */,
				854BB63C1CE2078A0073BC96 /* AppDelegate.m */,
				854BB6441CE2078A0073BC96 /* Assets.xcassets */,
				854BB6461CE2078A0073BC96 /* LaunchScreen.storyboard */,
				854BB6491CE2078A0073BC96 /* Info.plist */,
				854BB6381CE2078A0073BC96 /* Supporting Files */,
				854BB64F1CE207AF0073BC96 /* myViewController.h */,
				854BB6501CE207AF0073BC96 /* myViewController.m */,
				854BB6511CE207AF0073BC96 /* myViewController.xib */,
			);
			path = "打地鼠";
			sourceTree = "<group>";
		};
		854BB6381CE2078A0073BC96 /* Supporting Files */ = {
			isa = PBXGroup;
			children = (
				854BB6391CE2078A0073BC96 /* main.m */,
			);
			name = "Supporting Files";
			sourceTree = "<group>";
		};
/* End PBXGroup section */

/* Begin PBXNativeTarget section */
		854BB6341CE2078A0073BC96 /* 打地鼠 */ = {
			isa = PBXNativeTarget;
			buildConfigurationList = 854BB64C1CE2078A0073BC96 /* Build configuration list for PBXNativeTarget "打地鼠" */;
			buildPhases = (
				854BB6311CE2078A0073BC96 /* Sources */,
				854BB6321CE2078A0073BC96 /* Frameworks */,
				854BB6331CE2078A0073BC96 /* Resources */,
			);
			buildRules = (
			);
			dependencies = (
			);
			name = "打地鼠";
			productName = "打地鼠";
			productReference = 854BB6351CE2078A0073BC96 /* 打地鼠.app */;
			productType = "com.apple.product-type.application";
		};
/* End PBXNativeTarget section */

/* Begin PBXProject section */
		854BB62D1CE2078A0073BC96 /* Project object */ = {
			isa = PBXProject;
			attributes = {
				LastUpgradeCheck = 0710;
				ORGANIZATIONNAME = TR;
				TargetAttributes = {
					854BB6341CE2078A0073BC96 = {
						CreatedOnToolsVersion = 7.1;
					};
				};
			};
			buildConfigurationList = 854BB6301CE2078A0073BC96 /* Build configuration list for PBXProject "打地鼠" */;
			compatibilityVersion = "Xcode 3.2";
			developmentRegion = English;
			hasScannedForEncodings = 0;
			knownRegions = (
				en,
				Base,
			);
			mainGroup = 854BB62C1CE2078A0073BC96;
			productRefGroup = 854BB6361CE2078A0073BC96 /* Products */;
			projectDirPath = "";
			projectRoot = "";
			targets = (
				854BB6341CE2078A0073BC96 /* 打地鼠 */,
			);
		};
/* End PBXProject section */

/* Begin PBXResourcesBuildPhase section */
		854BB6331CE2078A0073BC96 /* Resources */ = {
			isa = PBXResourcesBuildPhase;
			buildActionMask = 2147483647;
			files = (
				854BB6481CE2078A0073BC96 /* LaunchScreen.storyboard in Resources */,
				854BB6531CE207AF0073BC96 /* myViewController.xib in Resources */,
				854BB6451CE2078A0073BC96 /* Assets.xcassets in Resources */,
			);
			runOnlyForDeploymentPostprocessing = 0;
		};
/* End PBXResourcesBuildPhase section */

/* Begin PBXSourcesBuildPhase section */
		854BB6311CE2078A0073BC96 /* Sources */ = {
			isa = PBXSourcesBuildPhase;
			buildActionMask = 2147483647;
			files = (
				854BB6521CE207AF0073BC96 /* myViewController.m in Sources */,
				854BB63D1CE2078A0073BC96 /* AppDelegate.m in Sources */,
				854BB63A1CE2078A0073BC96 /* main.m in Sources */,
			);
			runOnlyForDeploymentPostprocessing = 0;
		};
/* End PBXSourcesBuildPhase section */

/* Begin PBXVariantGroup section */
		854BB6461CE2078A0073BC96 /* LaunchScreen.storyboard */ = {
			isa = PBXVariantGroup;
			children = (
				854BB6471CE2078A0073BC96 /* Base */,
			);
			name = LaunchScreen.storyboard;
			sourceTree = "<group>";
		};
/* End PBXVariantGroup section */

/* Begin XCBuildConfiguration section */
		854BB64A1CE2078A0073BC96 /* Debug */ = {
			isa = XCBuildConfiguration;
			buildSettings = {
				ALWAYS_SEARCH_USER_PATHS = NO;
				CLANG_CXX_LANGUAGE_STANDARD = "gnu++0x";
				CLANG_CXX_LIBRARY = "libc++";
				CLANG_ENABLE_MODULES = YES;
				CLANG_ENABLE_OBJC_ARC = YES;
				CLANG_WARN_BOOL_CONVERSION = YES;
				CLANG_WARN_CONSTANT_CONVERSION = YES;
				CLANG_WARN_DIRECT_OBJC_ISA_USAGE = YES_ERROR;
				CLANG_WARN_EMPTY_BODY = YES;
				CLANG_WARN_ENUM_CONVERSION = YES;
				CLANG_WARN_INT_CONVERSION = YES;
				CLANG_WARN_OBJC_ROOT_CLASS = YES_ERROR;
				CLANG_WARN_UNREACHABLE_CODE = YES;
				CLANG_WARN__DUPLICATE_METHOD_MATCH = YES;
				"CODE_SIGN_IDENTITY[sdk=iphoneos*]" = "iPhone Developer";
				COPY_PHASE_STRIP = NO;
				DEBUG_INFORMATION_FORMAT = dwarf;
				ENABLE_STRICT_OBJC_MSGSEND = YES;
				ENABLE_TESTABILITY = YES;
				GCC_C_LANGUAGE_STANDARD = gnu99;
				GCC_DYNAMIC_NO_PIC = NO;
				GCC_NO_COMMON_BLOCKS = YES;
				GCC_OPTIMIZATION_LEVEL = 0;
				GCC_PREPROCESSOR_DEFINITIONS = (
					"DEBUG=1",
					"$(inherited)",
				);
				GCC_WARN_64_TO_32_BIT_CONVERSION = YES;
				GCC_WARN_ABOUT_RETURN_TYPE = YES_ERROR;
				GCC_WARN_UNDECLARED_SELECTOR = YES;
				GCC_WARN_UNINITIALIZED_AUTOS = YES_AGGRESSIVE;
				GCC_WARN_UNUSED_FUNCTION = YES;
				GCC_WARN_UNUSED_VARIABLE = YES;
				IPHONEOS_DEPLOYMENT_TARGET = 9.1;
				MTL_ENABLE_DEBUG_INFO = YES;
				ONLY_ACTIVE_ARCH = YES;
				SDKROOT = iphoneos;
			};
			name = Debug;
		};
		854BB64B1CE2078A0073BC96 /* Release */ = {
			isa = XCBuildConfiguration;
			buildSettings = {
				ALWAYS_SEARCH_USER_PATHS = NO;
				CLANG_CXX_LANGUAGE_STANDARD = "gnu++0x";
				CLANG_CXX_LIBRARY = "libc++";
				CLANG_ENABLE_MODULES = YES;
				CLANG_ENABLE_OBJC_ARC = YES;
				CLANG_WARN_BOOL_CONVERSION = YES;
				CLANG_WARN_CONSTANT_CONVERSION = YES;
				CLANG_WARN_DIRECT_OBJC_ISA_USAGE = YES_ERROR;
				CLANG_WARN_EMPTY_BODY = YES;
				CLANG_WARN_ENUM_CONVERSION = YES;
				CLANG_WARN_INT_CONVERSION = YES;
				CLANG_WARN_OBJC_ROOT_CLASS = YES_ERROR;
				CLANG_WARN_UNREACHABLE_CODE = YES;
				CLANG_WARN__DUPLICATE_METHOD_MATCH = YES;
				"CODE_SIGN_IDENTITY[sdk=iphoneos*]" = "iPhone Developer";
				COPY_PHASE_STRIP = NO;
				DEBUG_INFORMATION_FORMAT = "dwarf-with-dsym";
				ENABLE_NS_ASSERTIONS = NO;
				ENABLE_STRICT_OBJC_MSGSEND = YES;
				GCC_C_LANGUAGE_STANDARD = gnu99;
				GCC_NO_COMMON_BLOCKS = YES;
				GCC_WARN_64_TO_32_BIT_CONVERSION = YES;
				GCC_WARN_ABOUT_RETURN_TYPE = YES_ERROR;
				GCC_WARN_UNDECLARED_SELECTOR = YES;
				GCC_WARN_UNINITIALIZED_AUTOS = YES_AGGRESSIVE;
				GCC_WARN_UNUSED_FUNCTION = YES;
				GCC_WARN_UNUSED_VARIABLE = YES;
				IPHONEOS_DEPLOYMENT_TARGET = 9.1;
				MTL_ENABLE_DEBUG_INFO = NO;
				SDKROOT = iphoneos;
				VALIDATE_PRODUCT = YES;
			};
			name = Release;
		};
		854BB64D1CE2078A0073BC96 /* Debug */ = {
			isa = XCBuildConfiguration;
			buildSettings = {
				ASSETCATALOG_COMPILER_APPICON_NAME = AppIcon;
				INFOPLIST_FILE = "打地鼠/Info.plist";
				LD_RUNPATH_SEARCH_PATHS = "$(inherited) @executable_path/Frameworks";
				PRODUCT_BUNDLE_IDENTIFIER = "com.e-taiyun.---";
				PRODUCT_NAME = "$(TARGET_NAME)";
			};
			name = Debug;
		};
		854BB64E1CE2078A0073BC96 /* Release */ = {
			isa = XCBuildConfiguration;
			buildSettings = {
				ASSETCATALOG_COMPILER_APPICON_NAME = AppIcon;
				INFOPLIST_FILE = "打地鼠/Info.plist";
				LD_RUNPATH_SEARCH_PATHS = "$(inherited) @executable_path/Frameworks";
				PRODUCT_BUNDLE_IDENTIFIER = "com.e-taiyun.---";
				PRODUCT_NAME = "$(TARGET_NAME)";
			};
			name = Release;
		};
/* End XCBuildConfiguration section */

/* Begin XCConfigurationList section */
		854BB6301CE2078A0073BC96 /* Build configuration list for PBXProject "打地鼠" */ = {
			isa = XCConfigurationList;
			buildConfigurations = (
				854BB64A1CE2078A0073BC96 /* Debug */,
				854BB64B1CE2078A0073BC96 /* Release */,
			);
			defaultConfigurationIsVisible = 0;
			defaultConfigurationName = Release;
		};
		854BB64C1CE2078A0073BC96 /* Build configuration list for PBXNativeTarget "打地鼠" */ = {
			isa = XCConfigurationList;
			buildConfigurations = (
				854BB64D1CE2078A0073BC96 /* Debug */,
				854BB64E1CE2078A0073BC96 /* Release */,
			);
			defaultConfigurationIsVisible = 0;
		};
/* End XCConfigurationList section */
	};
	rootObject = 854BB62D1CE2078A0073BC96 /* Project object */;
}
